
Microsoft Visual Studio Solution File, Format Version 12.00
# Visual Studio Version 17
VisualStudioVersion = 17.10.35027.167
MinimumVisualStudioVersion = 10.0.40219.1
Project("{FAE04EC0-301F-11D3-BF4B-00C04F79EFBC}") = "GIT_PRUEBA", "GIT_PRUEBA\GIT_PRUEBA.csproj", "{42AE31C7-25D5-48D7-B1C3-EA640BDC92CC}"
EndProject
Global
	GlobalSection(SolutionConfigurationPlatforms) = preSolution
		Debug|Any CPU = Debug|Any CPU
		Release|Any CPU = Release|Any CPU
	EndGlobalSection
	GlobalSection(ProjectConfigurationPlatforms) = postSolution
		{42AE31C7-25D5-48D7-B1C3-EA640BDC92CC}.Debug|Any CPU.ActiveCfg = Debug|Any CPU
		{42AE31C7-25D5-48D7-B1C3-EA640BDC92CC}.Debug|Any CPU.Build.0 = Debug|Any CPU
		{42AE31C7-25D5-48D7-B1C3-EA640BDC92CC}.Release|Any CPU.ActiveCfg = Release|Any CPU
		{42AE31C7-25D5-48D7-B1C3-EA640BDC92CC}.Release|Any CPU.Build.0 = Release|Any CPU
	EndGlobalSection
	GlobalSection(SolutionProperties) = preSolution
		HideSolutionNode = FALSE
	EndGlobalSection
	GlobalSection(ExtensibilityGlobals) = postSolution
		SolutionGuid = {E1E0A180-638F-4672-931E-458536207D7F}
	EndGlobalSection
EndGlobal
